
Microsoft Visual Studio Solution File, Format Version 12.00
# Visual Studio 2013
VisualStudioVersion = 12.0.30723.0
MinimumVisualStudioVersion = 10.0.40219.1
Project("{FAE04EC0-301F-11D3-BF4B-00C04F79EFBC}") = "NoteTaker", "NoteTaker\NoteTaker\NoteTaker.csproj", "{21E5892C-0115-4222-9A56-35B16306F16F}"
EndProject
Project("{FAE04EC0-301F-11D3-BF4B-00C04F79EFBC}") = "NoteTaker.iOS", "NoteTaker\NoteTaker.iOS\NoteTaker.iOS.csproj", "{E035B906-1DA3-404C-AFD7-49141E771EB7}"
EndProject
Project("{FAE04EC0-301F-11D3-BF4B-00C04F79EFBC}") = "NoteTaker.Android", "NoteTaker\NoteTaker.Android\NoteTaker.Android.csproj", "{B3724C96-9D3F-4256-A68A-A0D9C063D32D}"
EndProject
Global
	GlobalSection(SolutionConfigurationPlatforms) = preSolution
		Ad-Hoc|Any CPU = Ad-Hoc|Any CPU
		Ad-Hoc|iPhone = Ad-Hoc|iPhone
		Ad-Hoc|iPhoneSimulator = Ad-Hoc|iPhoneSimulator
		Ad-Hoc|Mixed Platforms = Ad-Hoc|Mixed Platforms
		AppStore|Any CPU = AppStore|Any CPU
		AppStore|iPhone = AppStore|iPhone
		AppStore|iPhoneSimulator = AppStore|iPhoneSimulator
		AppStore|Mixed Platforms = AppStore|Mixed Platforms
		Debug|Any CPU = Debug|Any CPU
		Debug|iPhone = Debug|iPhone
		Debug|iPhoneSimulator = Debug|iPhoneSimulator
		Debug|Mixed Platforms = Debug|Mixed Platforms
		Release|Any CPU = Release|Any CPU
		Release|iPhone = Release|iPhone
		Release|iPhoneSimulator = Release|iPhoneSimulator
		Release|Mixed Platforms = Release|Mixed Platforms
	EndGlobalSection
	GlobalSection(ProjectConfigurationPlatforms) = postSolution
		{21E5892C-0115-4222-9A56-35B16306F16F}.Ad-Hoc|Any CPU.ActiveCfg = Release|Any CPU
		{21E5892C-0115-4222-9A56-35B16306F16F}.Ad-Hoc|Any CPU.Build.0 = Release|Any CPU
		{21E5892C-0115-4222-9A56-35B16306F16F}.Ad-Hoc|iPhone.ActiveCfg = Release|Any CPU
		{21E5892C-0115-4222-9A56-35B16306F16F}.Ad-Hoc|iPhoneSimulator.ActiveCfg = Release|Any CPU
		{21E5892C-0115-4222-9A56-35B16306F16F}.Ad-Hoc|Mixed Platforms.ActiveCfg = Release|Any CPU
		{21E5892C-0115-4222-9A56-35B16306F16F}.Ad-Hoc|Mixed Platforms.Build.0 = Release|Any CPU
		{21E5892C-0115-4222-9A56-35B16306F16F}.AppStore|Any CPU.ActiveCfg = Release|Any CPU
		{21E5892C-0115-4222-9A56-35B16306F16F}.AppStore|Any CPU.Build.0 = Release|Any CPU
		{21E5892C-0115-4222-9A56-35B16306F16F}.AppStore|iPhone.ActiveCfg = Release|Any CPU
		{21E5892C-0115-4222-9A56-35B16306F16F}.AppStore|iPhoneSimulator.ActiveCfg = Release|Any CPU
		{21E5892C-0115-4222-9A56-35B16306F16F}.AppStore|Mixed Platforms.ActiveCfg = Release|Any CPU
		{21E5892C-0115-4222-9A56-35B16306F16F}.AppStore|Mixed Platforms.Build.0 = Release|Any CPU
		{21E5892C-0115-4222-9A56-35B16306F16F}.Debug|Any CPU.ActiveCfg = Debug|Any CPU
		{21E5892C-0115-4222-9A56-35B16306F16F}.Debug|Any CPU.Build.0 = Debug|Any CPU
		{21E5892C-0115-4222-9A56-35B16306F16F}.Debug|iPhone.ActiveCfg = Debug|Any CPU
		{21E5892C-0115-4222-9A56-35B16306F16F}.Debug|iPhoneSimulator.ActiveCfg = Debug|Any CPU
		{21E5892C-0115-4222-9A56-35B16306F16F}.Debug|Mixed Platforms.ActiveCfg = Debug|Any CPU
		{21E5892C-0115-4222-9A56-35B16306F16F}.Debug|Mixed Platforms.Build.0 = Debug|Any CPU
		{21E5892C-0115-4222-9A56-35B16306F16F}.Release|Any CPU.ActiveCfg = Release|Any CPU
		{21E5892C-0115-4222-9A56-35B16306F16F}.Release|Any CPU.Build.0 = Release|Any CPU
		{21E5892C-0115-4222-9A56-35B16306F16F}.Release|iPhone.ActiveCfg = Release|Any CPU
		{21E5892C-0115-4222-9A56-35B16306F16F}.Release|iPhoneSimulator.ActiveCfg = Release|Any CPU
		{21E5892C-0115-4222-9A56-35B16306F16F}.Release|Mixed Platforms.ActiveCfg = Release|Any CPU
		{21E5892C-0115-4222-9A56-35B16306F16F}.Release|Mixed Platforms.Build.0 = Release|Any CPU
		{E035B906-1DA3-404C-AFD7-49141E771EB7}.Ad-Hoc|Any CPU.ActiveCfg = Ad-Hoc|iPhone
		{E035B906-1DA3-404C-AFD7-49141E771EB7}.Ad-Hoc|iPhone.ActiveCfg = Ad-Hoc|iPhone
		{E035B906-1DA3-404C-AFD7-49141E771EB7}.Ad-Hoc|iPhone.Build.0 = Ad-Hoc|iPhone
		{E035B906-1DA3-404C-AFD7-49141E771EB7}.Ad-Hoc|iPhoneSimulator.ActiveCfg = Ad-Hoc|iPhoneSimulator
		{E035B906-1DA3-404C-AFD7-49141E771EB7}.Ad-Hoc|iPhoneSimulator.Build.0 = Ad-Hoc|iPhoneSimulator
		{E035B906-1DA3-404C-AFD7-49141E771EB7}.Ad-Hoc|Mixed Platforms.ActiveCfg = Ad-Hoc|iPhone
		{E035B906-1DA3-404C-AFD7-49141E771EB7}.Ad-Hoc|Mixed Platforms.Build.0 = Ad-Hoc|iPhone
		{E035B906-1DA3-404C-AFD7-49141E771EB7}.AppStore|Any CPU.ActiveCfg = AppStore|iPhone
		{E035B906-1DA3-404C-AFD7-49141E771EB7}.AppStore|iPhone.ActiveCfg = AppStore|iPhone
		{E035B906-1DA3-404C-AFD7-49141E771EB7}.AppStore|iPhone.Build.0 = AppStore|iPhone
		{E035B906-1DA3-404C-AFD7-49141E771EB7}.AppStore|iPhoneSimulator.ActiveCfg = AppStore|iPhoneSimulator
		{E035B906-1DA3-404C-AFD7-49141E771EB7}.AppStore|iPhoneSimulator.Build.0 = AppStore|iPhoneSimulator
		{E035B906-1DA3-404C-AFD7-49141E771EB7}.AppStore|Mixed Platforms.ActiveCfg = AppStore|iPhone
		{E035B906-1DA3-404C-AFD7-49141E771EB7}.AppStore|Mixed Platforms.Build.0 = AppStore|iPhone
		{E035B906-1DA3-404C-AFD7-49141E771EB7}.Debug|Any CPU.ActiveCfg = Debug|iPhone
		{E035B906-1DA3-404C-AFD7-49141E771EB7}.Debug|iPhone.ActiveCfg = Debug|iPhone
		{E035B906-1DA3-404C-AFD7-49141E771EB7}.Debug|iPhone.Build.0 = Debug|iPhone
		{E035B906-1DA3-404C-AFD7-49141E771EB7}.Debug|iPhoneSimulator.ActiveCfg = Debug|iPhoneSimulator
		{E035B906-1DA3-404C-AFD7-49141E771EB7}.Debug|iPhoneSimulator.Build.0 = Debug|iPhoneSimulator
		{E035B906-1DA3-404C-AFD7-49141E771EB7}.Debug|Mixed Platforms.ActiveCfg = Debug|iPhone
		{E035B906-1DA3-404C-AFD7-49141E771EB7}.Debug|Mixed Platforms.Build.0 = Debug|iPhone
		{E035B906-1DA3-404C-AFD7-49141E771EB7}.Release|Any CPU.ActiveCfg = Release|iPhone
		{E035B906-1DA3-404C-AFD7-49141E771EB7}.Release|iPhone.ActiveCfg = Release|iPhone
		{E035B906-1DA3-404C-AFD7-49141E771EB7}.Release|iPhone.Build.0 = Release|iPhone
		{E035B906-1DA3-404C-AFD7-49141E771EB7}.Release|iPhoneSimulator.ActiveCfg = Release|iPhoneSimulator
		{E035B906-1DA3-404C-AFD7-49141E771EB7}.Release|iPhoneSimulator.Build.0 = Release|iPhoneSimulator
		{E035B906-1DA3-404C-AFD7-49141E771EB7}.Release|Mixed Platforms.ActiveCfg = Release|iPhone
		{E035B906-1DA3-404C-AFD7-49141E771EB7}.Release|Mixed Platforms.Build.0 = Release|iPhone
		{B3724C96-9D3F-4256-A68A-A0D9C063D32D}.Ad-Hoc|Any CPU.ActiveCfg = Release|Any CPU
		{B3724C96-9D3F-4256-A68A-A0D9C063D32D}.Ad-Hoc|Any CPU.Build.0 = Release|Any CPU
		{B3724C96-9D3F-4256-A68A-A0D9C063D32D}.Ad-Hoc|Any CPU.Deploy.0 = Release|Any CPU
		{B3724C96-9D3F-4256-A68A-A0D9C063D32D}.Ad-Hoc|iPhone.ActiveCfg = Release|Any CPU
		{B3724C96-9D3F-4256-A68A-A0D9C063D32D}.Ad-Hoc|iPhoneSimulator.ActiveCfg = Release|Any CPU
		{B3724C96-9D3F-4256-A68A-A0D9C063D32D}.Ad-Hoc|Mixed Platforms.ActiveCfg = Release|Any CPU
		{B3724C96-9D3F-4256-A68A-A0D9C063D32D}.Ad-Hoc|Mixed Platforms.Build.0 = Release|Any CPU
		{B3724C96-9D3F-4256-A68A-A0D9C063D32D}.Ad-Hoc|Mixed Platforms.Deploy.0 = Release|Any CPU
		{B3724C96-9D3F-4256-A68A-A0D9C063D32D}.AppStore|Any CPU.ActiveCfg = Release|Any CPU
		{B3724C96-9D3F-4256-A68A-A0D9C063D32D}.AppStore|Any CPU.Build.0 = Release|Any CPU
		{B3724C96-9D3F-4256-A68A-A0D9C063D32D}.AppStore|Any CPU.Deploy.0 = Release|Any CPU
		{B3724C96-9D3F-4256-A68A-A0D9C063D32D}.AppStore|iPhone.ActiveCfg = Release|Any CPU
		{B3724C96-9D3F-4256-A68A-A0D9C063D32D}.AppStore|iPhoneSimulator.ActiveCfg = Release|Any CPU
		{B3724C96-9D3F-4256-A68A-A0D9C063D32D}.AppStore|Mixed Platforms.ActiveCfg = Release|Any CPU
		{B3724C96-9D3F-4256-A68A-A0D9C063D32D}.AppStore|Mixed Platforms.Build.0 = Release|Any CPU
		{B3724C96-9D3F-4256-A68A-A0D9C063D32D}.AppStore|Mixed Platforms.Deploy.0 = Release|Any CPU
		{B3724C96-9D3F-4256-A68A-A0D9C063D32D}.Debug|Any CPU.ActiveCfg = Debug|Any CPU
		{B3724C96-9D3F-4256-A68A-A0D9C063D32D}.Debug|Any CPU.Build.0 = Debug|Any CPU
		{B3724C96-9D3F-4256-A68A-A0D9C063D32D}.Debug|Any CPU.Deploy.0 = Debug|Any CPU
		{B3724C96-9D3F-4256-A68A-A0D9C063D32D}.Debug|iPhone.ActiveCfg = Debug|Any CPU
		{B3724C96-9D3F-4256-A68A-A0D9C063D32D}.Debug|iPhoneSimulator.ActiveCfg = Debug|Any CPU
		{B3724C96-9D3F-4256-A68A-A0D9C063D32D}.Debug|Mixed Platforms.ActiveCfg = Debug|Any CPU
		{B3724C96-9D3F-4256-A68A-A0D9C063D32D}.Debug|Mixed Platforms.Build.0 = Debug|Any CPU
		{B3724C96-9D3F-4256-A68A-A0D9C063D32D}.Debug|Mixed Platforms.Deploy.0 = Debug|Any CPU
		{B3724C96-9D3F-4256-A68A-A0D9C063D32D}.Release|Any CPU.ActiveCfg = Release|Any CPU
		{B3724C96-9D3F-4256-A68A-A0D9C063D32D}.Release|Any CPU.Build.0 = Release|Any CPU
		{B3724C96-9D3F-4256-A68A-A0D9C063D32D}.Release|Any CPU.Deploy.0 = Release|Any CPU
		{B3724C96-9D3F-4256-A68A-A0D9C063D32D}.Release|iPhone.ActiveCfg = Release|Any CPU
		{B3724C96-9D3F-4256-A68A-A0D9C063D32D}.Release|iPhoneSimulator.ActiveCfg = Release|Any CPU
		{B3724C96-9D3F-4256-A68A-A0D9C063D32D}.Release|Mixed Platforms.ActiveCfg = Release|Any CPU
		{B3724C96-9D3F-4256-A68A-A0D9C063D32D}.Release|Mixed Platforms.Build.0 = Release|Any CPU
		{B3724C96-9D3F-4256-A68A-A0D9C063D32D}.Release|Mixed Platforms.Deploy.0 = Release|Any CPU
	EndGlobalSection
	GlobalSection(SolutionProperties) = preSolution
		HideSolutionNode = FALSE
	EndGlobalSection
EndGlobal
